
Microsoft Visual Studio Solution File, Format Version 12.00
# Visual Studio 15
VisualStudioVersion = 15.0.27004.2002
MinimumVisualStudioVersion = 10.0.40219.1
Project("{FAE04EC0-301F-11D3-BF4B-00C04F79EFBC}") = "AppGameCenter", "AppGameCenter\AppGameCenter.csproj", "{96FB32C4-4CED-4BEF-804B-EE44CA8BC9AE}"
EndProject
Global
	GlobalSection(SolutionConfigurationPlatforms) = preSolution
		Debug|Any CPU = Debug|Any CPU
		Release|Any CPU = Release|Any CPU
	EndGlobalSection
	GlobalSection(ProjectConfigurationPlatforms) = postSolution
		{96FB32C4-4CED-4BEF-804B-EE44CA8BC9AE}.Debug|Any CPU.ActiveCfg = Debug|Any CPU
		{96FB32C4-4CED-4BEF-804B-EE44CA8BC9AE}.Debug|Any CPU.Build.0 = Debug|Any CPU
		{96FB32C4-4CED-4BEF-804B-EE44CA8BC9AE}.Release|Any CPU.ActiveCfg = Release|Any CPU
		{96FB32C4-4CED-4BEF-804B-EE44CA8BC9AE}.Release|Any CPU.Build.0 = Release|Any CPU
	EndGlobalSection
	GlobalSection(SolutionProperties) = preSolution
		HideSolutionNode = FALSE
	EndGlobalSection
	GlobalSection(ExtensibilityGlobals) = postSolution
		SolutionGuid = {74662334-5DD0-441E-A5B2-A32FC68B63E1}
	EndGlobalSection
EndGlobal
